version = 1
revision = 2
requires-python = ">=3.13"

[[package]]
name = "arrow"
version = "1.3.0"
source = { registry = "https://pypi.org/simple" }
dependencies = [
    { name = "python-dateutil" },
    { name = "types-python-dateutil" },
]
sdist = { url = "https://files.pythonhosted.org/packages/2e/00/0f6e8fcdb23ea632c866620cc872729ff43ed91d284c866b515c6342b173/arrow-1.3.0.tar.gz", hash = "sha256:d4540617648cb5f895730f1ad8c82a65f2dad0166f57b75f3ca54759c4d67a85", size = 131960, upload-time = "2023-09-30T22:11:18.25Z" }
wheels = [
    { url = "https://files.pythonhosted.org/packages/f8/ed/e97229a566617f2ae958a6b13e7cc0f585470eac730a73e9e82c32a3cdd2/arrow-1.3.0-py3-none-any.whl", hash = "sha256:c728b120ebc00eb84e01882a6f5e7927a53960aa990ce7dd2b10f39005a67f80", size = 66419, upload-time = "2023-09-30T22:11:16.072Z" },
]

[[package]]
name = "certifi"
version = "2025.7.14"
source = { registry = "https://pypi.org/simple" }
sdist = { url = "https://files.pythonhosted.org/packages/b3/76/52c535bcebe74590f296d6c77c86dabf761c41980e1347a2422e4aa2ae41/certifi-2025.7.14.tar.gz", hash = "sha256:8ea99dbdfaaf2ba2f9bac77b9249ef62ec5218e7c2b2e903378ed5fccf765995", size = 163981, upload-time = "2025-07-14T03:29:28.449Z" }
wheels = [
    { url = "https://files.pythonhosted.org/packages/4f/52/34c6cf5bb9285074dc3531c437b3919e825d976fde097a7a73f79e726d03/certifi-2025.7.14-py3-none-any.whl", hash = "sha256:6b31f564a415d79ee77df69d757bb49a5bb53bd9f756cbbe24394ffd6fc1f4b2", size = 162722, upload-time = "2025-07-14T03:29:26.863Z" },
]

[[package]]
name = "cffi"
version = "1.17.1"
source = { registry = "https://pypi.org/simple" }
dependencies = [
    { name = "pycparser" },
]
sdist = { url = "https://files.pythonhosted.org/packages/fc/97/c783634659c2920c3fc70419e3af40972dbaf758daa229a7d6ea6135c90d/cffi-1.17.1.tar.gz", hash = "sha256:1c39c6016c32bc48dd54561950ebd6836e1670f2ae46128f67cf49e789c52824", size = 516621, upload-time = "2024-09-04T20:45:21.852Z" }
wheels = [
    { url = "https://files.pythonhosted.org/packages/8d/f8/dd6c246b148639254dad4d6803eb6a54e8c85c6e11ec9df2cffa87571dbe/cffi-1.17.1-cp313-cp313-macosx_10_13_x86_64.whl", hash = "sha256:f3a2b4222ce6b60e2e8b337bb9596923045681d71e5a082783484d845390938e", size = 182989, upload-time = "2024-09-04T20:44:28.956Z" },
    { url = "https://files.pythonhosted.org/packages/8b/f1/672d303ddf17c24fc83afd712316fda78dc6fce1cd53011b839483e1ecc8/cffi-1.17.1-cp313-cp313-macosx_11_0_arm64.whl", hash = "sha256:0984a4925a435b1da406122d4d7968dd861c1385afe3b45ba82b750f229811e2", size = 178802, upload-time = "2024-09-04T20:44:30.289Z" },
    { url = "https://files.pythonhosted.org/packages/0e/2d/eab2e858a91fdff70533cab61dcff4a1f55ec60425832ddfdc9cd36bc8af/cffi-1.17.1-cp313-cp313-manylinux_2_12_i686.manylinux2010_i686.manylinux_2_17_i686.manylinux2014_i686.whl", hash = "sha256:d01b12eeeb4427d3110de311e1774046ad344f5b1a7403101878976ecd7a10f3", size = 454792, upload-time = "2024-09-04T20:44:32.01Z" },
    { url = "https://files.pythonhosted.org/packages/75/b2/fbaec7c4455c604e29388d55599b99ebcc250a60050610fadde58932b7ee/cffi-1.17.1-cp313-cp313-manylinux_2_17_aarch64.manylinux2014_aarch64.whl", hash = "sha256:706510fe141c86a69c8ddc029c7910003a17353970cff3b904ff0686a5927683", size = 478893, upload-time = "2024-09-04T20:44:33.606Z" },
    { url = "https://files.pythonhosted.org/packages/4f/b7/6e4a2162178bf1935c336d4da8a9352cccab4d3a5d7914065490f08c0690/cffi-1.17.1-cp313-cp313-manylinux_2_17_ppc64le.manylinux2014_ppc64le.whl", hash = "sha256:de55b766c7aa2e2a3092c51e0483d700341182f08e67c63630d5b6f200bb28e5", size = 485810, upload-time = "2024-09-04T20:44:35.191Z" },
    { url = "https://files.pythonhosted.org/packages/c7/8a/1d0e4a9c26e54746dc08c2c6c037889124d4f59dffd853a659fa545f1b40/cffi-1.17.1-cp313-cp313-manylinux_2_17_s390x.manylinux2014_s390x.whl", hash = "sha256:c59d6e989d07460165cc5ad3c61f9fd8f1b4796eacbd81cee78957842b834af4", size = 471200, upload-time = "2024-09-04T20:44:36.743Z" },
    { url = "https://files.pythonhosted.org/packages/26/9f/1aab65a6c0db35f43c4d1b4f580e8df53914310afc10ae0397d29d697af4/cffi-1.17.1-cp313-cp313-manylinux_2_17_x86_64.manylinux2014_x86_64.whl", hash = "sha256:dd398dbc6773384a17fe0d3e7eeb8d1a21c2200473ee6806bb5e6a8e62bb73dd", size = 479447, upload-time = "2024-09-04T20:44:38.492Z" },
    { url = "https://files.pythonhosted.org/packages/5f/e4/fb8b3dd8dc0e98edf1135ff067ae070bb32ef9d509d6cb0f538cd6f7483f/cffi-1.17.1-cp313-cp313-musllinux_1_1_aarch64.whl", hash = "sha256:3edc8d958eb099c634dace3c7e16560ae474aa3803a5df240542b305d14e14ed", size = 484358, upload-time = "2024-09-04T20:44:40.046Z" },
    { url = "https://files.pythonhosted.org/packages/f1/47/d7145bf2dc04684935d57d67dff9d6d795b2ba2796806bb109864be3a151/cffi-1.17.1-cp313-cp313-musllinux_1_1_x86_64.whl", hash = "sha256:72e72408cad3d5419375fc87d289076ee319835bdfa2caad331e377589aebba9", size = 488469, upload-time = "2024-09-04T20:44:41.616Z" },
    { url = "https://files.pythonhosted.org/packages/bf/ee/f94057fa6426481d663b88637a9a10e859e492c73d0384514a17d78ee205/cffi-1.17.1-cp313-cp313-win32.whl", hash = "sha256:e03eab0a8677fa80d646b5ddece1cbeaf556c313dcfac435ba11f107ba117b5d", size = 172475, upload-time = "2024-09-04T20:44:43.733Z" },
    { url = "https://files.pythonhosted.org/packages/7c/fc/6a8cb64e5f0324877d503c854da15d76c1e50eb722e320b15345c4d0c6de/cffi-1.17.1-cp313-cp313-win_amd64.whl", hash = "sha256:f6a16c31041f09ead72d69f583767292f750d24913dadacf5756b966aacb3f1a", size = 182009, upload-time = "2024-09-04T20:44:45.309Z" },
]

[[package]]
name = "circuitbreaker"
version = "2.1.3"
source = { registry = "https://pypi.org/simple" }
sdist = { url = "https://files.pythonhosted.org/packages/df/ac/de7a92c4ed39cba31fe5ad9203b76a25ca67c530797f6bb420fff5f65ccb/circuitbreaker-2.1.3.tar.gz", hash = "sha256:1a4baee510f7bea3c91b194dcce7c07805fe96c4423ed5594b75af438531d084", size = 10787, upload-time = "2025-03-31T08:12:08.963Z" }
wheels = [
    { url = "https://files.pythonhosted.org/packages/ae/34/15f08edd4628f65217de1fc3c1a27c82e46fe357d60c217fc9881e12ebcc/circuitbreaker-2.1.3-py3-none-any.whl", hash = "sha256:87ba6a3ed03fdc7032bc175561c2b04d52ade9d5faf94ca2b035fbdc5e6b1dd1", size = 7737, upload-time = "2025-03-31T08:12:07.802Z" },
]

[[package]]
name = "click"
version = "8.0.4"
source = { registry = "https://pypi.org/simple" }
dependencies = [
    { name = "colorama", marker = "sys_platform == 'win32'" },
]
sdist = { url = "https://files.pythonhosted.org/packages/dd/cf/706c1ad49ab26abed0b77a2f867984c1341ed7387b8030a6aa914e2942a0/click-8.0.4.tar.gz", hash = "sha256:8458d7b1287c5fb128c90e23381cf99dcde74beaf6c7ff6384ce84d6fe090adb", size = 329520, upload-time = "2022-02-18T20:31:30.105Z" }
wheels = [
    { url = "https://files.pythonhosted.org/packages/4a/a8/0b2ced25639fb20cc1c9784de90a8c25f9504a7f18cd8b5397bd61696d7d/click-8.0.4-py3-none-any.whl", hash = "sha256:6a7a62563bbfabfda3a38f3023a1db4a35978c0abd76f6c9605ecd6554d6d9b1", size = 97486, upload-time = "2022-02-18T20:31:27.733Z" },
]

[[package]]
name = "colorama"
version = "0.4.6"
source = { registry = "https://pypi.org/simple" }
sdist = { url = "https://files.pythonhosted.org/packages/d8/53/6f443c9a4a8358a93a6792e2acffb9d9d5cb0a5cfd8802644b7b1c9a02e4/colorama-0.4.6.tar.gz", hash = "sha256:08695f5cb7ed6e0531a20572697297273c47b8cae5a63ffc6d6ed5c201be6e44", size = 27697, upload-time = "2022-10-25T02:36:22.414Z" }
wheels = [
    { url = "https://files.pythonhosted.org/packages/d1/d6/3965ed04c63042e047cb6a3e6ed1a63a35087b6a609aa3a15ed8ac56c221/colorama-0.4.6-py2.py3-none-any.whl", hash = "sha256:4f1d9991f5acc0ca119f9d443620b77f9d6b33703e51011c16baf57afb285fc6", size = 25335, upload-time = "2022-10-25T02:36:20.889Z" },
]

[[package]]
name = "cryptography"
version = "44.0.3"
source = { registry = "https://pypi.org/simple" }
dependencies = [
    { name = "cffi", marker = "platform_python_implementation != 'PyPy'" },
]
sdist = { url = "https://files.pythonhosted.org/packages/53/d6/1411ab4d6108ab167d06254c5be517681f1e331f90edf1379895bcb87020/cryptography-44.0.3.tar.gz", hash = "sha256:fe19d8bc5536a91a24a8133328880a41831b6c5df54599a8417b62fe015d3053", size = 711096, upload-time = "2025-05-02T19:36:04.667Z" }
wheels = [
    { url = "https://files.pythonhosted.org/packages/08/53/c776d80e9d26441bb3868457909b4e74dd9ccabd182e10b2b0ae7a07e265/cryptography-44.0.3-cp37-abi3-macosx_10_9_universal2.whl", hash = "sha256:962bc30480a08d133e631e8dfd4783ab71cc9e33d5d7c1e192f0b7c06397bb88", size = 6670281, upload-time = "2025-05-02T19:34:50.665Z" },
    { url = "https://files.pythonhosted.org/packages/6a/06/af2cf8d56ef87c77319e9086601bef621bedf40f6f59069e1b6d1ec498c5/cryptography-44.0.3-cp37-abi3-manylinux_2_17_aarch64.manylinux2014_aarch64.whl", hash = "sha256:4ffc61e8f3bf5b60346d89cd3d37231019c17a081208dfbbd6e1605ba03fa137", size = 3959305, upload-time = "2025-05-02T19:34:53.042Z" },
    { url = "https://files.pythonhosted.org/packages/ae/01/80de3bec64627207d030f47bf3536889efee8913cd363e78ca9a09b13c8e/cryptography-44.0.3-cp37-abi3-manylinux_2_17_x86_64.manylinux2014_x86_64.whl", hash = "sha256:58968d331425a6f9eedcee087f77fd3c927c88f55368f43ff7e0a19891f2642c", size = 4171040, upload-time = "2025-05-02T19:34:54.675Z" },
    { url = "https://files.pythonhosted.org/packages/bd/48/bb16b7541d207a19d9ae8b541c70037a05e473ddc72ccb1386524d4f023c/cryptography-44.0.3-cp37-abi3-manylinux_2_28_aarch64.whl", hash = "sha256:e28d62e59a4dbd1d22e747f57d4f00c459af22181f0b2f787ea83f5a876d7c76", size = 3963411, upload-time = "2025-05-02T19:34:56.61Z" },
    { url = "https://files.pythonhosted.org/packages/42/b2/7d31f2af5591d217d71d37d044ef5412945a8a8e98d5a2a8ae4fd9cd4489/cryptography-44.0.3-cp37-abi3-manylinux_2_28_armv7l.manylinux_2_31_armv7l.whl", hash = "sha256:af653022a0c25ef2e3ffb2c673a50e5a0d02fecc41608f4954176f1933b12359", size = 3689263, upload-time = "2025-05-02T19:34:58.591Z" },
    { url = "https://files.pythonhosted.org/packages/25/50/c0dfb9d87ae88ccc01aad8eb93e23cfbcea6a6a106a9b63a7b14c1f93c75/cryptography-44.0.3-cp37-abi3-manylinux_2_28_x86_64.whl", hash = "sha256:157f1f3b8d941c2bd8f3ffee0af9b049c9665c39d3da9db2dc338feca5e98a43", size = 4196198, upload-time = "2025-05-02T19:35:00.988Z" },
    { url = "https://files.pythonhosted.org/packages/66/c9/55c6b8794a74da652690c898cb43906310a3e4e4f6ee0b5f8b3b3e70c441/cryptography-44.0.3-cp37-abi3-manylinux_2_34_aarch64.whl", hash = "sha256:c6cd67722619e4d55fdb42ead64ed8843d64638e9c07f4011163e46bc512cf01", size = 3966502, upload-time = "2025-05-02T19:35:03.091Z" },
    { url = "https://files.pythonhosted.org/packages/b6/f7/7cb5488c682ca59a02a32ec5f975074084db4c983f849d47b7b67cc8697a/cryptography-44.0.3-cp37-abi3-manylinux_2_34_x86_64.whl", hash = "sha256:b424563394c369a804ecbee9b06dfb34997f19d00b3518e39f83a5642618397d", size = 4196173, upload-time = "2025-05-02T19:35:05.018Z" },
    { url = "https://files.pythonhosted.org/packages/d2/0b/2f789a8403ae089b0b121f8f54f4a3e5228df756e2146efdf4a09a3d5083/cryptography-44.0.3-cp37-abi3-musllinux_1_2_aarch64.whl", hash = "sha256:c91fc8e8fd78af553f98bc7f2a1d8db977334e4eea302a4bfd75b9461c2d8904", size = 4087713, upload-time = "2025-05-02T19:35:07.187Z" },
    { url = "https://files.pythonhosted.org/packages/1d/aa/330c13655f1af398fc154089295cf259252f0ba5df93b4bc9d9c7d7f843e/cryptography-44.0.3-cp37-abi3-musllinux_1_2_x86_64.whl", hash = "sha256:25cd194c39fa5a0aa4169125ee27d1172097857b27109a45fadc59653ec06f44", size = 4299064, upload-time = "2025-05-02T19:35:08.879Z" },
    { url = "https://files.pythonhosted.org/packages/10/a8/8c540a421b44fd267a7d58a1fd5f072a552d72204a3f08194f98889de76d/cryptography-44.0.3-cp37-abi3-win32.whl", hash = "sha256:3be3f649d91cb182c3a6bd336de8b61a0a71965bd13d1a04a0e15b39c3d5809d", size = 2773887, upload-time = "2025-05-02T19:35:10.41Z" },
    { url = "https://files.pythonhosted.org/packages/b9/0d/c4b1657c39ead18d76bbd122da86bd95bdc4095413460d09544000a17d56/cryptography-44.0.3-cp37-abi3-win_amd64.whl", hash = "sha256:3883076d5c4cc56dbef0b898a74eb6992fdac29a7b9013870b34efe4ddb39a0d", size = 3209737, upload-time = "2025-05-02T19:35:12.12Z" },
    { url = "https://files.pythonhosted.org/packages/34/a3/ad08e0bcc34ad436013458d7528e83ac29910943cea42ad7dd4141a27bbb/cryptography-44.0.3-cp39-abi3-macosx_10_9_universal2.whl", hash = "sha256:5639c2b16764c6f76eedf722dbad9a0914960d3489c0cc38694ddf9464f1bb2f", size = 6673501, upload-time = "2025-05-02T19:35:13.775Z" },
    { url = "https://files.pythonhosted.org/packages/b1/f0/7491d44bba8d28b464a5bc8cc709f25a51e3eac54c0a4444cf2473a57c37/cryptography-44.0.3-cp39-abi3-manylinux_2_17_aarch64.manylinux2014_aarch64.whl", hash = "sha256:f3ffef566ac88f75967d7abd852ed5f182da252d23fac11b4766da3957766759", size = 3960307, upload-time = "2025-05-02T19:35:15.917Z" },
    { url = "https://files.pythonhosted.org/packages/f7/c8/e5c5d0e1364d3346a5747cdcd7ecbb23ca87e6dea4f942a44e88be349f06/cryptography-44.0.3-cp39-abi3-manylinux_2_17_x86_64.manylinux2014_x86_64.whl", hash = "sha256:192ed30fac1728f7587c6f4613c29c584abdc565d7417c13904708db10206645", size = 4170876, upload-time = "2025-05-02T19:35:18.138Z" },
    { url = "https://files.pythonhosted.org/packages/73/96/025cb26fc351d8c7d3a1c44e20cf9a01e9f7cf740353c9c7a17072e4b264/cryptography-44.0.3-cp39-abi3-manylinux_2_28_aarch64.whl", hash = "sha256:7d5fe7195c27c32a64955740b949070f21cba664604291c298518d2e255931d2", size = 3964127, upload-time = "2025-05-02T19:35:19.864Z" },
    { url = "https://files.pythonhosted.org/packages/01/44/eb6522db7d9f84e8833ba3bf63313f8e257729cf3a8917379473fcfd6601/cryptography-44.0.3-cp39-abi3-manylinux_2_28_armv7l.manylinux_2_31_armv7l.whl", hash = "sha256:3f07943aa4d7dad689e3bb1638ddc4944cc5e0921e3c227486daae0e31a05e54", size = 3689164, upload-time = "2025-05-02T19:35:21.449Z" },
    { url = "https://files.pythonhosted.org/packages/68/fb/d61a4defd0d6cee20b1b8a1ea8f5e25007e26aeb413ca53835f0cae2bcd1/cryptography-44.0.3-cp39-abi3-manylinux_2_28_x86_64.whl", hash = "sha256:cb90f60e03d563ca2445099edf605c16ed1d5b15182d21831f58460c48bffb93", size = 4198081, upload-time = "2025-05-02T19:35:23.187Z" },
    { url = "https://files.pythonhosted.org/packages/1b/50/457f6911d36432a8811c3ab8bd5a6090e8d18ce655c22820994913dd06ea/cryptography-44.0.3-cp39-abi3-manylinux_2_34_aarch64.whl", hash = "sha256:ab0b005721cc0039e885ac3503825661bd9810b15d4f374e473f8c89b7d5460c", size = 3967716, upload-time = "2025-05-02T19:35:25.426Z" },
    { url = "https://files.pythonhosted.org/packages/35/6e/dca39d553075980ccb631955c47b93d87d27f3596da8d48b1ae81463d915/cryptography-44.0.3-cp39-abi3-manylinux_2_34_x86_64.whl", hash = "sha256:3bb0847e6363c037df8f6ede57d88eaf3410ca2267fb12275370a76f85786a6f", size = 4197398, upload-time = "2025-05-02T19:35:27.678Z" },
    { url = "https://files.pythonhosted.org/packages/9b/9d/d1f2fe681eabc682067c66a74addd46c887ebacf39038ba01f8860338d3d/cryptography-44.0.3-cp39-abi3-musllinux_1_2_aarch64.whl", hash = "sha256:b0cc66c74c797e1db750aaa842ad5b8b78e14805a9b5d1348dc603612d3e3ff5", size = 4087900, upload-time = "2025-05-02T19:35:29.312Z" },
    { url = "https://files.pythonhosted.org/packages/c4/f5/3599e48c5464580b73b236aafb20973b953cd2e7b44c7c2533de1d888446/cryptography-44.0.3-cp39-abi3-musllinux_1_2_x86_64.whl", hash = "sha256:6866df152b581f9429020320e5eb9794c8780e90f7ccb021940d7f50ee00ae0b", size = 4301067, upload-time = "2025-05-02T19:35:31.547Z" },
    { url = "https://files.pythonhosted.org/packages/a7/6c/d2c48c8137eb39d0c193274db5c04a75dab20d2f7c3f81a7dcc3a8897701/cryptography-44.0.3-cp39-abi3-win32.whl", hash = "sha256:c138abae3a12a94c75c10499f1cbae81294a6f983b3af066390adee73f433028", size = 2775467, upload-time = "2025-05-02T19:35:33.805Z" },
    { url = "https://files.pythonhosted.org/packages/c9/ad/51f212198681ea7b0deaaf8846ee10af99fba4e894f67b353524eab2bbe5/cryptography-44.0.3-cp39-abi3-win_amd64.whl", hash = "sha256:5d186f32e52e66994dce4f766884bcb9c68b8da62d61d9d215bfe5fb56d21334", size = 3210375, upload-time = "2025-05-02T19:35:35.369Z" },
]

[[package]]
name = "jmespath"
version = "0.10.0"
source = { registry = "https://pypi.org/simple" }
sdist = { url = "https://files.pythonhosted.org/packages/3c/56/3f325b1eef9791759784aa5046a8f6a1aff8f7c898a2e34506771d3b99d8/jmespath-0.10.0.tar.gz", hash = "sha256:b85d0567b8666149a93172712e68920734333c0ce7e89b78b3e987f71e5ed4f9", size = 21607, upload-time = "2020-05-12T22:03:47.267Z" }
wheels = [
    { url = "https://files.pythonhosted.org/packages/07/cb/5f001272b6faeb23c1c9e0acc04d48eaaf5c862c17709d20e3469c6e0139/jmespath-0.10.0-py2.py3-none-any.whl", hash = "sha256:cdf6525904cc597730141d61b36f2e4b8ecc257c420fa2f4549bac2c2d0cb72f", size = 24489, upload-time = "2020-05-12T22:03:45.643Z" },
]

[[package]]
name = "oci"
version = "2.156.0"
source = { registry = "https://pypi.org/simple" }
dependencies = [
    { name = "certifi" },
    { name = "circuitbreaker" },
    { name = "cryptography" },
    { name = "pyopenssl" },
    { name = "python-dateutil" },
    { name = "pytz" },
]
sdist = { url = "https://files.pythonhosted.org/packages/3f/68/a1f4665ed4437a5a31bdde394b123eb3dbd6d3d12712f679155edf29e259/oci-2.156.0.tar.gz", hash = "sha256:0939c4e310f3004cbcc37f048cf665e93d13cc4ea28920c5e41302bc6bab978b", size = 15514372, upload-time = "2025-07-22T05:47:20.193Z" }
wheels = [
    { url = "https://files.pythonhosted.org/packages/83/80/70d7336cdf14796859601b0d9822276ef58fd7064065c15ea123eedf7372/oci-2.156.0-py3-none-any.whl", hash = "sha256:ccee64c0705e88872b6e24be3841c0b0ba725a57ec95cbc748127559027fbdee", size = 31607796, upload-time = "2025-07-22T05:47:13.129Z" },
]

[[package]]
name = "oci-cli"
version = "3.63.0"
source = { registry = "https://pypi.org/simple" }
dependencies = [
    { name = "arrow" },
    { name = "certifi" },
    { name = "click" },
    { name = "cryptography" },
    { name = "jmespath" },
    { name = "oci" },
    { name = "prompt-toolkit" },
    { name = "pyopenssl" },
    { name = "python-dateutil" },
    { name = "pytz" },
    { name = "pyyaml" },
    { name = "six" },
    { name = "terminaltables" },
]
sdist = { url = "https://files.pythonhosted.org/packages/ff/d7/ae815d1ed8756d59c4638056af9c2bd6809eb3b40059a22ef9e1ad9bb11b/oci_cli-3.63.0.tar.gz", hash = "sha256:5f40694778831ea13bc867af23f9c498f66337289327584a72209e51ddd25517", size = 7433373, upload-time = "2025-07-22T08:23:03.071Z" }
wheels = [
    { url = "https://files.pythonhosted.org/packages/00/61/de1b1b0ec0f26580047b1188eb1f61d2dbabc7d59ea8e23e8bf6f1fa5dda/oci_cli-3.63.0-py3-none-any.whl", hash = "sha256:a434eef4c31d79e6f8d65792db79f616da186e0a73b1e16feca00a07851ae5f5", size = 24206806, upload-time = "2025-07-22T08:22:57.229Z" },
]

[[package]]
name = "ossgui"
version = "0.1.0"
source = { virtual = "." }
dependencies = [
    { name = "oci-cli" },
]

[package.metadata]
requires-dist = [{ name = "oci-cli", specifier = ">=3.63.0" }]

[[package]]
name = "prompt-toolkit"
version = "3.0.43"
source = { registry = "https://pypi.org/simple" }
dependencies = [
    { name = "wcwidth" },
]
sdist = { url = "https://files.pythonhosted.org/packages/cc/c6/25b6a3d5cd295304de1e32c9edbcf319a52e965b339629d37d42bb7126ca/prompt_toolkit-3.0.43.tar.gz", hash = "sha256:3527b7af26106cbc65a040bcc84839a3566ec1b051bb0bfe953631e704b0ff7d", size = 425733, upload-time = "2023-12-13T08:44:39.127Z" }
wheels = [
    { url = "https://files.pythonhosted.org/packages/ee/fd/ca7bf3869e7caa7a037e23078539467b433a4e01eebd93f77180ab927766/prompt_toolkit-3.0.43-py3-none-any.whl", hash = "sha256:a11a29cb3bf0a28a387fe5122cdb649816a957cd9261dcedf8c9f1fef33eacf6", size = 386072, upload-time = "2023-12-13T08:44:35.304Z" },
]

[[package]]
name = "pycparser"
version = "2.22"
source = { registry = "https://pypi.org/simple" }
sdist = { url = "https://files.pythonhosted.org/packages/1d/b2/31537cf4b1ca988837256c910a668b553fceb8f069bedc4b1c826024b52c/pycparser-2.22.tar.gz", hash = "sha256:491c8be9c040f5390f5bf44a5b07752bd07f56edf992381b05c701439eec10f6", size = 172736, upload-time = "2024-03-30T13:22:22.564Z" }
wheels = [
    { url = "https://files.pythonhosted.org/packages/13/a3/a812df4e2dd5696d1f351d58b8fe16a405b234ad2886a0dab9183fb78109/pycparser-2.22-py3-none-any.whl", hash = "sha256:c3702b6d3dd8c7abc1afa565d7e63d53a1d0bd86cdc24edd75470f4de499cfcc", size = 117552, upload-time = "2024-03-30T13:22:20.476Z" },
]

[[package]]
name = "pyopenssl"
version = "24.3.0"
source = { registry = "https://pypi.org/simple" }
dependencies = [
    { name = "cryptography" },
]
sdist = { url = "https://files.pythonhosted.org/packages/c1/d4/1067b82c4fc674d6f6e9e8d26b3dff978da46d351ca3bac171544693e085/pyopenssl-24.3.0.tar.gz", hash = "sha256:49f7a019577d834746bc55c5fce6ecbcec0f2b4ec5ce1cf43a9a173b8138bb36", size = 178944, upload-time = "2024-11-27T20:43:12.755Z" }
wheels = [
    { url = "https://files.pythonhosted.org/packages/42/22/40f9162e943f86f0fc927ebc648078be87def360d9d8db346619fb97df2b/pyOpenSSL-24.3.0-py3-none-any.whl", hash = "sha256:e474f5a473cd7f92221cc04976e48f4d11502804657a08a989fb3be5514c904a", size = 56111, upload-time = "2024-11-27T20:43:21.112Z" },
]

[[package]]
name = "python-dateutil"
version = "2.9.0.post0"
source = { registry = "https://pypi.org/simple" }
dependencies = [
    { name = "six" },
]
sdist = { url = "https://files.pythonhosted.org/packages/66/c0/0c8b6ad9f17a802ee498c46e004a0eb49bc148f2fd230864601a86dcf6db/python-dateutil-2.9.0.post0.tar.gz", hash = "sha256:37dd54208da7e1cd875388217d5e00ebd4179249f90fb72437e91a35459a0ad3", size = 342432, upload-time = "2024-03-01T18:36:20.211Z" }
wheels = [
    { url = "https://files.pythonhosted.org/packages/ec/57/56b9bcc3c9c6a792fcbaf139543cee77261f3651ca9da0c93f5c1221264b/python_dateutil-2.9.0.post0-py2.py3-none-any.whl", hash = "sha256:a8b2bc7bffae282281c8140a97d3aa9c14da0b136dfe83f850eea9a5f7470427", size = 229892, upload-time = "2024-03-01T18:36:18.57Z" },
]

[[package]]
name = "pytz"
version = "2025.2"
source = { registry = "https://pypi.org/simple" }
sdist = { url = "https://files.pythonhosted.org/packages/f8/bf/abbd3cdfb8fbc7fb3d4d38d320f2441b1e7cbe29be4f23797b4a2b5d8aac/pytz-2025.2.tar.gz", hash = "sha256:360b9e3dbb49a209c21ad61809c7fb453643e048b38924c765813546746e81c3", size = 320884, upload-time = "2025-03-25T02:25:00.538Z" }
wheels = [
    { url = "https://files.pythonhosted.org/packages/81/c4/34e93fe5f5429d7570ec1fa436f1986fb1f00c3e0f43a589fe2bbcd22c3f/pytz-2025.2-py2.py3-none-any.whl", hash = "sha256:5ddf76296dd8c44c26eb8f4b6f35488f3ccbf6fbbd7adee0b7262d43f0ec2f00", size = 509225, upload-time = "2025-03-25T02:24:58.468Z" },
]

[[package]]
name = "pyyaml"
version = "6.0.2"
source = { registry = "https://pypi.org/simple" }
sdist = { url = "https://files.pythonhosted.org/packages/54/ed/79a089b6be93607fa5cdaedf301d7dfb23af5f25c398d5ead2525b063e17/pyyaml-6.0.2.tar.gz", hash = "sha256:d584d9ec91ad65861cc08d42e834324ef890a082e591037abe114850ff7bbc3e", size = 130631, upload-time = "2024-08-06T20:33:50.674Z" }
wheels = [
    { url = "https://files.pythonhosted.org/packages/ef/e3/3af305b830494fa85d95f6d95ef7fa73f2ee1cc8ef5b495c7c3269fb835f/PyYAML-6.0.2-cp313-cp313-macosx_10_13_x86_64.whl", hash = "sha256:efdca5630322a10774e8e98e1af481aad470dd62c3170801852d752aa7a783ba", size = 181309, upload-time = "2024-08-06T20:32:43.4Z" },
    { url = "https://files.pythonhosted.org/packages/45/9f/3b1c20a0b7a3200524eb0076cc027a970d320bd3a6592873c85c92a08731/PyYAML-6.0.2-cp313-cp313-macosx_11_0_arm64.whl", hash = "sha256:50187695423ffe49e2deacb8cd10510bc361faac997de9efef88badc3bb9e2d1", size = 171679, upload-time = "2024-08-06T20:32:44.801Z" },
    { url = "https://files.pythonhosted.org/packages/7c/9a/337322f27005c33bcb656c655fa78325b730324c78620e8328ae28b64d0c/PyYAML-6.0.2-cp313-cp313-manylinux_2_17_aarch64.manylinux2014_aarch64.whl", hash = "sha256:0ffe8360bab4910ef1b9e87fb812d8bc0a308b0d0eef8c8f44e0254ab3b07133", size = 733428, upload-time = "2024-08-06T20:32:46.432Z" },
    { url = "https://files.pythonhosted.org/packages/a3/69/864fbe19e6c18ea3cc196cbe5d392175b4cf3d5d0ac1403ec3f2d237ebb5/PyYAML-6.0.2-cp313-cp313-manylinux_2_17_s390x.manylinux2014_s390x.whl", hash = "sha256:17e311b6c678207928d649faa7cb0d7b4c26a0ba73d41e99c4fff6b6c3276484", size = 763361, upload-time = "2024-08-06T20:32:51.188Z" },
    { url = "https://files.pythonhosted.org/packages/04/24/b7721e4845c2f162d26f50521b825fb061bc0a5afcf9a386840f23ea19fa/PyYAML-6.0.2-cp313-cp313-manylinux_2_17_x86_64.manylinux2014_x86_64.whl", hash = "sha256:70b189594dbe54f75ab3a1acec5f1e3faa7e8cf2f1e08d9b561cb41b845f69d5", size = 759523, upload-time = "2024-08-06T20:32:53.019Z" },
    { url = "https://files.pythonhosted.org/packages/2b/b2/e3234f59ba06559c6ff63c4e10baea10e5e7df868092bf9ab40e5b9c56b6/PyYAML-6.0.2-cp313-cp313-musllinux_1_1_aarch64.whl", hash = "sha256:41e4e3953a79407c794916fa277a82531dd93aad34e29c2a514c2c0c5fe971cc", size = 726660, upload-time = "2024-08-06T20:32:54.708Z" },
    { url = "https://files.pythonhosted.org/packages/fe/0f/25911a9f080464c59fab9027482f822b86bf0608957a5fcc6eaac85aa515/PyYAML-6.0.2-cp313-cp313-musllinux_1_1_x86_64.whl", hash = "sha256:68ccc6023a3400877818152ad9a1033e3db8625d899c72eacb5a668902e4d652", size = 751597, upload-time = "2024-08-06T20:32:56.985Z" },
    { url = "https://files.pythonhosted.org/packages/14/0d/e2c3b43bbce3cf6bd97c840b46088a3031085179e596d4929729d8d68270/PyYAML-6.0.2-cp313-cp313-win32.whl", hash = "sha256:bc2fa7c6b47d6bc618dd7fb02ef6fdedb1090ec036abab80d4681424b84c1183", size = 140527, upload-time = "2024-08-06T20:33:03.001Z" },
    { url = "https://files.pythonhosted.org/packages/fa/de/02b54f42487e3d3c6efb3f89428677074ca7bf43aae402517bc7cca949f3/PyYAML-6.0.2-cp313-cp313-win_amd64.whl", hash = "sha256:8388ee1976c416731879ac16da0aff3f63b286ffdd57cdeb95f3f2e085687563", size = 156446, upload-time = "2024-08-06T20:33:04.33Z" },
]

[[package]]
name = "six"
version = "1.17.0"
source = { registry = "https://pypi.org/simple" }
sdist = { url = "https://files.pythonhosted.org/packages/94/e7/b2c673351809dca68a0e064b6af791aa332cf192da575fd474ed7d6f16a2/six-1.17.0.tar.gz", hash = "sha256:ff70335d468e7eb6ec65b95b99d3a2836546063f63acc5171de367e834932a81", size = 34031, upload-time = "2024-12-04T17:35:28.174Z" }
wheels = [
    { url = "https://files.pythonhosted.org/packages/b7/ce/149a00dd41f10bc29e5921b496af8b574d8413afcd5e30dfa0ed46c2cc5e/six-1.17.0-py2.py3-none-any.whl", hash = "sha256:4721f391ed90541fddacab5acf947aa0d3dc7d27b2e1e8eda2be8970586c3274", size = 11050, upload-time = "2024-12-04T17:35:26.475Z" },
]

[[package]]
name = "terminaltables"
version = "3.1.10"
source = { registry = "https://pypi.org/simple" }
sdist = { url = "https://files.pythonhosted.org/packages/f5/fc/0b73d782f5ab7feba8d007573a3773c58255f223c5940a7b7085f02153c3/terminaltables-3.1.10.tar.gz", hash = "sha256:ba6eca5cb5ba02bba4c9f4f985af80c54ec3dccf94cfcd190154386255e47543", size = 12264, upload-time = "2021-12-07T19:03:35.758Z" }
wheels = [
    { url = "https://files.pythonhosted.org/packages/c4/fb/ea621e0a19733e01fe4005d46087d383693c0f4a8f824b47d8d4122c87e0/terminaltables-3.1.10-py2.py3-none-any.whl", hash = "sha256:e4fdc4179c9e4aab5f674d80f09d76fa436b96fdc698a8505e0a36bf0804a874", size = 15155, upload-time = "2021-12-07T19:03:34.013Z" },
]

[[package]]
name = "types-python-dateutil"
version = "2.9.0.20250708"
source = { registry = "https://pypi.org/simple" }
sdist = { url = "https://files.pythonhosted.org/packages/c9/95/6bdde7607da2e1e99ec1c1672a759d42f26644bbacf939916e086db34870/types_python_dateutil-2.9.0.20250708.tar.gz", hash = "sha256:ccdbd75dab2d6c9696c350579f34cffe2c281e4c5f27a585b2a2438dd1d5c8ab", size = 15834, upload-time = "2025-07-08T03:14:03.382Z" }
wheels = [
    { url = "https://files.pythonhosted.org/packages/72/52/43e70a8e57fefb172c22a21000b03ebcc15e47e97f5cb8495b9c2832efb4/types_python_dateutil-2.9.0.20250708-py3-none-any.whl", hash = "sha256:4d6d0cc1cc4d24a2dc3816024e502564094497b713f7befda4d5bc7a8e3fd21f", size = 17724, upload-time = "2025-07-08T03:14:02.593Z" },
]

[[package]]
name = "wcwidth"
version = "0.2.13"
source = { registry = "https://pypi.org/simple" }
sdist = { url = "https://files.pythonhosted.org/packages/6c/63/53559446a878410fc5a5974feb13d31d78d752eb18aeba59c7fef1af7598/wcwidth-0.2.13.tar.gz", hash = "sha256:72ea0c06399eb286d978fdedb6923a9eb47e1c486ce63e9b4e64fc18303972b5", size = 101301, upload-time = "2024-01-06T02:10:57.829Z" }
wheels = [
    { url = "https://files.pythonhosted.org/packages/fd/84/fd2ba7aafacbad3c4201d395674fc6348826569da3c0937e75505ead3528/wcwidth-0.2.13-py2.py3-none-any.whl", hash = "sha256:3da69048e4540d84af32131829ff948f1e022c1c6bdb8d6102117aac784f6859", size = 34166, upload-time = "2024-01-06T02:10:55.763Z" },
]
